
Microsoft Visual Studio Solution File, Format Version 12.00
# Visual Studio 15
VisualStudioVersion = 15.0.26711.1
MinimumVisualStudioVersion = 10.0.40219.1
Project("{9A19103F-16F7-4668-BE54-9A1E7A4F7556}") = "NoUmbrella", "NoUmbrella\NoUmbrella.csproj", "{F230C46D-4493-401E-8FFC-ED9777EA08AE}"
EndProject
Project("{E24C65DC-7377-472B-9ABA-BC803B73C61A}") = "App", "..\..\WebSites\App\", "{2E413004-9F50-44B0-82CA-94F4602CD02D}"
	ProjectSection(WebsiteProperties) = preProject
		TargetFrameworkMoniker = ".NETFramework,Version%3Dv4.6.1"
		Debug.AspNetCompiler.VirtualPath = "/localhost_57526"
		Debug.AspNetCompiler.PhysicalPath = "..\..\WebSites\App\"
		Debug.AspNetCompiler.TargetPath = "PrecompiledWeb\localhost_57526\"
		Debug.AspNetCompiler.Updateable = "true"
		Debug.AspNetCompiler.ForceOverwrite = "true"
		Debug.AspNetCompiler.FixedNames = "false"
		Debug.AspNetCompiler.Debug = "True"
		Release.AspNetCompiler.VirtualPath = "/localhost_57526"
		Release.AspNetCompiler.PhysicalPath = "..\..\WebSites\App\"
		Release.AspNetCompiler.TargetPath = "PrecompiledWeb\localhost_57526\"
		Release.AspNetCompiler.Updateable = "true"
		Release.AspNetCompiler.ForceOverwrite = "true"
		Release.AspNetCompiler.FixedNames = "false"
		Release.AspNetCompiler.Debug = "False"
		VWDPort = "57526"
		SlnRelativePath = "..\..\WebSites\App\"
		DefaultWebSiteLanguage = "Visual C#"
	EndProjectSection
EndProject
Global
	GlobalSection(SolutionConfigurationPlatforms) = preSolution
		Debug|Any CPU = Debug|Any CPU
		Release|Any CPU = Release|Any CPU
	EndGlobalSection
	GlobalSection(ProjectConfigurationPlatforms) = postSolution
		{F230C46D-4493-401E-8FFC-ED9777EA08AE}.Debug|Any CPU.ActiveCfg = Debug|Any CPU
		{F230C46D-4493-401E-8FFC-ED9777EA08AE}.Debug|Any CPU.Build.0 = Debug|Any CPU
		{F230C46D-4493-401E-8FFC-ED9777EA08AE}.Release|Any CPU.ActiveCfg = Release|Any CPU
		{F230C46D-4493-401E-8FFC-ED9777EA08AE}.Release|Any CPU.Build.0 = Release|Any CPU
		{2E413004-9F50-44B0-82CA-94F4602CD02D}.Debug|Any CPU.ActiveCfg = Debug|Any CPU
		{2E413004-9F50-44B0-82CA-94F4602CD02D}.Debug|Any CPU.Build.0 = Debug|Any CPU
		{2E413004-9F50-44B0-82CA-94F4602CD02D}.Release|Any CPU.ActiveCfg = Debug|Any CPU
		{2E413004-9F50-44B0-82CA-94F4602CD02D}.Release|Any CPU.Build.0 = Debug|Any CPU
	EndGlobalSection
	GlobalSection(SolutionProperties) = preSolution
		HideSolutionNode = FALSE
	EndGlobalSection
	GlobalSection(ExtensibilityGlobals) = postSolution
		SolutionGuid = {8240FC97-42F7-4E79-BAF7-E62E4F5A30C9}
	EndGlobalSection
EndGlobal
